
Microsoft Visual Studio Solution File, Format Version 12.00
# Visual Studio 2012
VisualStudioVersion = 12.0.31101.0
MinimumVisualStudioVersion = 10.0.40219.1
Project("{FAE04EC0-301F-11D3-BF4B-00C04F79EFBC}") = "Mit4Robot_Android", "Mit4Robot_Android\Mit4Robot_Android.csproj", "{624DAE94-F110-4A12-8E47-B6C28B52F710}"
EndProject
Project("{FAE04EC0-301F-11D3-BF4B-00C04F79EFBC}") = "Mit4Robot_iOS", "Mit4Robot_iOS\Mit4Robot_iOS.csproj", "{3478CE0F-CF19-4F27-AF04-CDFB458126B7}"
EndProject
Project("{D954291E-2A0B-460D-934E-DC6B0785DB48}") = "Shared", "Shared\Shared.shproj", "{614954E7-43CF-41E3-A7D1-7C4B87BEBB0B}"
EndProject
Project("{FAE04EC0-301F-11D3-BF4B-00C04F79EFBC}") = "Test", "Test\Test.csproj", "{548DE366-DD54-4DC1-893B-975E51E4989F}"
EndProject
Project("{FAE04EC0-301F-11D3-BF4B-00C04F79EFBC}") = "Mit4Robot_WindowsPhone", "Mit4Robot_WindowsPhone\Mit4Robot_WindowsPhone.csproj", "{DA23B007-D7C0-40ED-9341-A1AA76F10365}"
EndProject
Global
	GlobalSection(SolutionConfigurationPlatforms) = preSolution
		Debug|Any CPU = Debug|Any CPU
		Debug|ARM = Debug|ARM
		Debug|iPhone = Debug|iPhone
		Debug|iPhoneSimulator = Debug|iPhoneSimulator
		Debug|x86 = Debug|x86
		Default|Any CPU = Default|Any CPU
		Default|ARM = Default|ARM
		Default|iPhone = Default|iPhone
		Default|iPhoneSimulator = Default|iPhoneSimulator
		Default|x86 = Default|x86
		Release|Any CPU = Release|Any CPU
		Release|ARM = Release|ARM
		Release|iPhone = Release|iPhone
		Release|iPhoneSimulator = Release|iPhoneSimulator
		Release|x86 = Release|x86
	EndGlobalSection
	GlobalSection(ProjectConfigurationPlatforms) = postSolution
		{3478CE0F-CF19-4F27-AF04-CDFB458126B7}.Debug|Any CPU.ActiveCfg = Debug|Any CPU
		{3478CE0F-CF19-4F27-AF04-CDFB458126B7}.Debug|Any CPU.Build.0 = Debug|Any CPU
		{3478CE0F-CF19-4F27-AF04-CDFB458126B7}.Debug|ARM.ActiveCfg = Debug|Any CPU
		{3478CE0F-CF19-4F27-AF04-CDFB458126B7}.Debug|iPhone.ActiveCfg = Debug|iPhone
		{3478CE0F-CF19-4F27-AF04-CDFB458126B7}.Debug|iPhone.Build.0 = Debug|iPhone
		{3478CE0F-CF19-4F27-AF04-CDFB458126B7}.Debug|iPhoneSimulator.ActiveCfg = Debug|iPhoneSimulator
		{3478CE0F-CF19-4F27-AF04-CDFB458126B7}.Debug|iPhoneSimulator.Build.0 = Debug|iPhoneSimulator
		{3478CE0F-CF19-4F27-AF04-CDFB458126B7}.Debug|x86.ActiveCfg = Debug|Any CPU
		{3478CE0F-CF19-4F27-AF04-CDFB458126B7}.Default|Any CPU.ActiveCfg = Debug|iPhoneSimulator
		{3478CE0F-CF19-4F27-AF04-CDFB458126B7}.Default|Any CPU.Build.0 = Debug|iPhoneSimulator
		{3478CE0F-CF19-4F27-AF04-CDFB458126B7}.Default|ARM.ActiveCfg = Debug|Any CPU
		{3478CE0F-CF19-4F27-AF04-CDFB458126B7}.Default|iPhone.ActiveCfg = Debug|iPhone
		{3478CE0F-CF19-4F27-AF04-CDFB458126B7}.Default|iPhoneSimulator.ActiveCfg = Debug|iPhoneSimulator
		{3478CE0F-CF19-4F27-AF04-CDFB458126B7}.Default|x86.ActiveCfg = Debug|Any CPU
		{3478CE0F-CF19-4F27-AF04-CDFB458126B7}.Release|Any CPU.ActiveCfg = Release|iPhoneSimulator
		{3478CE0F-CF19-4F27-AF04-CDFB458126B7}.Release|ARM.ActiveCfg = Release|Any CPU
		{3478CE0F-CF19-4F27-AF04-CDFB458126B7}.Release|iPhone.ActiveCfg = Release|iPhone
		{3478CE0F-CF19-4F27-AF04-CDFB458126B7}.Release|iPhone.Build.0 = Release|iPhone
		{3478CE0F-CF19-4F27-AF04-CDFB458126B7}.Release|iPhoneSimulator.ActiveCfg = Release|iPhoneSimulator
		{3478CE0F-CF19-4F27-AF04-CDFB458126B7}.Release|iPhoneSimulator.Build.0 = Release|iPhoneSimulator
		{3478CE0F-CF19-4F27-AF04-CDFB458126B7}.Release|x86.ActiveCfg = Release|Any CPU
		{548DE366-DD54-4DC1-893B-975E51E4989F}.Debug|Any CPU.ActiveCfg = Debug|Any CPU
		{548DE366-DD54-4DC1-893B-975E51E4989F}.Debug|Any CPU.Build.0 = Debug|Any CPU
		{548DE366-DD54-4DC1-893B-975E51E4989F}.Debug|ARM.ActiveCfg = Debug|Any CPU
		{548DE366-DD54-4DC1-893B-975E51E4989F}.Debug|iPhone.ActiveCfg = Debug|Any CPU
		{548DE366-DD54-4DC1-893B-975E51E4989F}.Debug|iPhone.Build.0 = Debug|Any CPU
		{548DE366-DD54-4DC1-893B-975E51E4989F}.Debug|iPhoneSimulator.ActiveCfg = Debug|Any CPU
		{548DE366-DD54-4DC1-893B-975E51E4989F}.Debug|iPhoneSimulator.Build.0 = Debug|Any CPU
		{548DE366-DD54-4DC1-893B-975E51E4989F}.Debug|x86.ActiveCfg = Debug|Any CPU
		{548DE366-DD54-4DC1-893B-975E51E4989F}.Default|Any CPU.ActiveCfg = Debug|Any CPU
		{548DE366-DD54-4DC1-893B-975E51E4989F}.Default|Any CPU.Build.0 = Debug|Any CPU
		{548DE366-DD54-4DC1-893B-975E51E4989F}.Default|ARM.ActiveCfg = Debug|Any CPU
		{548DE366-DD54-4DC1-893B-975E51E4989F}.Default|iPhone.ActiveCfg = Debug|Any CPU
		{548DE366-DD54-4DC1-893B-975E51E4989F}.Default|iPhoneSimulator.ActiveCfg = Debug|Any CPU
		{548DE366-DD54-4DC1-893B-975E51E4989F}.Default|x86.ActiveCfg = Debug|Any CPU
		{548DE366-DD54-4DC1-893B-975E51E4989F}.Release|Any CPU.ActiveCfg = Release|Any CPU
		{548DE366-DD54-4DC1-893B-975E51E4989F}.Release|ARM.ActiveCfg = Release|Any CPU
		{548DE366-DD54-4DC1-893B-975E51E4989F}.Release|iPhone.ActiveCfg = Release|Any CPU
		{548DE366-DD54-4DC1-893B-975E51E4989F}.Release|iPhone.Build.0 = Release|Any CPU
		{548DE366-DD54-4DC1-893B-975E51E4989F}.Release|iPhoneSimulator.ActiveCfg = Release|Any CPU
		{548DE366-DD54-4DC1-893B-975E51E4989F}.Release|iPhoneSimulator.Build.0 = Release|Any CPU
		{548DE366-DD54-4DC1-893B-975E51E4989F}.Release|x86.ActiveCfg = Release|Any CPU
		{624DAE94-F110-4A12-8E47-B6C28B52F710}.Debug|Any CPU.ActiveCfg = Debug|Any CPU
		{624DAE94-F110-4A12-8E47-B6C28B52F710}.Debug|Any CPU.Build.0 = Debug|Any CPU
		{624DAE94-F110-4A12-8E47-B6C28B52F710}.Debug|ARM.ActiveCfg = Debug|Any CPU
		{624DAE94-F110-4A12-8E47-B6C28B52F710}.Debug|iPhone.ActiveCfg = Debug|Any CPU
		{624DAE94-F110-4A12-8E47-B6C28B52F710}.Debug|iPhone.Build.0 = Debug|Any CPU
		{624DAE94-F110-4A12-8E47-B6C28B52F710}.Debug|iPhoneSimulator.ActiveCfg = Debug|Any CPU
		{624DAE94-F110-4A12-8E47-B6C28B52F710}.Debug|iPhoneSimulator.Build.0 = Debug|Any CPU
		{624DAE94-F110-4A12-8E47-B6C28B52F710}.Debug|x86.ActiveCfg = Debug|Any CPU
		{624DAE94-F110-4A12-8E47-B6C28B52F710}.Default|Any CPU.ActiveCfg = Debug|Any CPU
		{624DAE94-F110-4A12-8E47-B6C28B52F710}.Default|Any CPU.Build.0 = Debug|Any CPU
		{624DAE94-F110-4A12-8E47-B6C28B52F710}.Default|ARM.ActiveCfg = Debug|Any CPU
		{624DAE94-F110-4A12-8E47-B6C28B52F710}.Default|iPhone.ActiveCfg = Debug|Any CPU
		{624DAE94-F110-4A12-8E47-B6C28B52F710}.Default|iPhoneSimulator.ActiveCfg = Debug|Any CPU
		{624DAE94-F110-4A12-8E47-B6C28B52F710}.Default|x86.ActiveCfg = Debug|Any CPU
		{624DAE94-F110-4A12-8E47-B6C28B52F710}.Release|Any CPU.ActiveCfg = Release|Any CPU
		{624DAE94-F110-4A12-8E47-B6C28B52F710}.Release|ARM.ActiveCfg = Release|Any CPU
		{624DAE94-F110-4A12-8E47-B6C28B52F710}.Release|iPhone.ActiveCfg = Release|Any CPU
		{624DAE94-F110-4A12-8E47-B6C28B52F710}.Release|iPhone.Build.0 = Release|Any CPU
		{624DAE94-F110-4A12-8E47-B6C28B52F710}.Release|iPhoneSimulator.ActiveCfg = Release|Any CPU
		{624DAE94-F110-4A12-8E47-B6C28B52F710}.Release|iPhoneSimulator.Build.0 = Release|Any CPU
		{624DAE94-F110-4A12-8E47-B6C28B52F710}.Release|x86.ActiveCfg = Release|Any CPU
		{DA23B007-D7C0-40ED-9341-A1AA76F10365}.Debug|Any CPU.ActiveCfg = Debug|Any CPU
		{DA23B007-D7C0-40ED-9341-A1AA76F10365}.Debug|Any CPU.Build.0 = Debug|Any CPU
		{DA23B007-D7C0-40ED-9341-A1AA76F10365}.Debug|Any CPU.Deploy.0 = Debug|Any CPU
		{DA23B007-D7C0-40ED-9341-A1AA76F10365}.Debug|ARM.ActiveCfg = Debug|ARM
		{DA23B007-D7C0-40ED-9341-A1AA76F10365}.Debug|ARM.Build.0 = Debug|ARM
		{DA23B007-D7C0-40ED-9341-A1AA76F10365}.Debug|ARM.Deploy.0 = Debug|ARM
		{DA23B007-D7C0-40ED-9341-A1AA76F10365}.Debug|iPhone.ActiveCfg = Debug|Any CPU
		{DA23B007-D7C0-40ED-9341-A1AA76F10365}.Debug|iPhoneSimulator.ActiveCfg = Debug|Any CPU
		{DA23B007-D7C0-40ED-9341-A1AA76F10365}.Debug|x86.ActiveCfg = Debug|x86
		{DA23B007-D7C0-40ED-9341-A1AA76F10365}.Debug|x86.Build.0 = Debug|x86
		{DA23B007-D7C0-40ED-9341-A1AA76F10365}.Debug|x86.Deploy.0 = Debug|x86
		{DA23B007-D7C0-40ED-9341-A1AA76F10365}.Default|Any CPU.ActiveCfg = Debug|Any CPU
		{DA23B007-D7C0-40ED-9341-A1AA76F10365}.Default|Any CPU.Build.0 = Debug|Any CPU
		{DA23B007-D7C0-40ED-9341-A1AA76F10365}.Default|Any CPU.Deploy.0 = Debug|Any CPU
		{DA23B007-D7C0-40ED-9341-A1AA76F10365}.Default|ARM.ActiveCfg = Debug|ARM
		{DA23B007-D7C0-40ED-9341-A1AA76F10365}.Default|ARM.Build.0 = Debug|ARM
		{DA23B007-D7C0-40ED-9341-A1AA76F10365}.Default|ARM.Deploy.0 = Debug|ARM
		{DA23B007-D7C0-40ED-9341-A1AA76F10365}.Default|iPhone.ActiveCfg = Debug|Any CPU
		{DA23B007-D7C0-40ED-9341-A1AA76F10365}.Default|iPhoneSimulator.ActiveCfg = Debug|Any CPU
		{DA23B007-D7C0-40ED-9341-A1AA76F10365}.Default|x86.ActiveCfg = Debug|x86
		{DA23B007-D7C0-40ED-9341-A1AA76F10365}.Default|x86.Build.0 = Debug|x86
		{DA23B007-D7C0-40ED-9341-A1AA76F10365}.Default|x86.Deploy.0 = Debug|x86
		{DA23B007-D7C0-40ED-9341-A1AA76F10365}.Release|Any CPU.ActiveCfg = Release|Any CPU
		{DA23B007-D7C0-40ED-9341-A1AA76F10365}.Release|Any CPU.Build.0 = Release|Any CPU
		{DA23B007-D7C0-40ED-9341-A1AA76F10365}.Release|Any CPU.Deploy.0 = Release|Any CPU
		{DA23B007-D7C0-40ED-9341-A1AA76F10365}.Release|ARM.ActiveCfg = Release|ARM
		{DA23B007-D7C0-40ED-9341-A1AA76F10365}.Release|ARM.Build.0 = Release|ARM
		{DA23B007-D7C0-40ED-9341-A1AA76F10365}.Release|ARM.Deploy.0 = Release|ARM
		{DA23B007-D7C0-40ED-9341-A1AA76F10365}.Release|iPhone.ActiveCfg = Release|Any CPU
		{DA23B007-D7C0-40ED-9341-A1AA76F10365}.Release|iPhoneSimulator.ActiveCfg = Release|Any CPU
		{DA23B007-D7C0-40ED-9341-A1AA76F10365}.Release|x86.ActiveCfg = Release|x86
		{DA23B007-D7C0-40ED-9341-A1AA76F10365}.Release|x86.Build.0 = Release|x86
		{DA23B007-D7C0-40ED-9341-A1AA76F10365}.Release|x86.Deploy.0 = Release|x86
	EndGlobalSection
	GlobalSection(SharedMSBuildProjectFiles) = preSolution
		Shared\Shared.projitems*{548de366-dd54-4dc1-893b-975e51e4989f}*SharedItemsImports = 4
		Shared\Shared.projitems*{624dae94-f110-4a12-8e47-b6c28b52f710}*SharedItemsImports = 4
		Shared\Shared.projitems*{3478ce0f-cf19-4f27-af04-cdfb458126b7}*SharedItemsImports = 4
		Shared\Shared.projitems*{614954e7-43cf-41e3-a7d1-7c4b87bebb0b}*SharedItemsImports = 13
	EndGlobalSection
	GlobalSection(SolutionProperties) = preSolution
		HideSolutionNode = FALSE
	EndGlobalSection
EndGlobal
